// !$*UTF8*$!
{
	archiveVersion = 1;
	classes = {
	};
	objectVersion = 46;
	objects = {

/* Begin PBXBuildFile section */
		968409341AA3EC9C00720356 /* main.m in Sources */ = {isa = PBXBuildFile; fileRef = 968409331AA3EC9C00720356 /* main.m */; };
		968409371AA3EC9C00720356 /* AppDelegate.m in Sources */ = {isa = PBXBuildFile; fileRef = 968409361AA3EC9C00720356 /* AppDelegate.m */; };
		9684093A1AA3EC9C00720356 /* ViewController.m in Sources */ = {isa = PBXBuildFile; fileRef = 968409391AA3EC9C00720356 /* ViewController.m */; };
		9684093D1AA3EC9C00720356 /* Main.storyboard in Resources */ = {isa = PBXBuildFile; fileRef = 9684093B1AA3EC9C00720356 /* Main.storyboard */; };
		9684093F1AA3EC9C00720356 /* Images.xcassets in Resources */ = {isa = PBXBuildFile; fileRef = 9684093E1AA3EC9C00720356 /* Images.xcassets */; };
		968409421AA3EC9C00720356 /* LaunchScreen.xib in Resources */ = {isa = PBXBuildFile; fileRef = 968409401AA3EC9C00720356 /* LaunchScreen.xib */; };
		9684094E1AA3EC9C00720356 /* RecorderTests.m in Sources */ = {isa = PBXBuildFile; fileRef = 9684094D1AA3EC9C00720356 /* RecorderTests.m */; };
		968409591AA3ED4600720356 /* Recorder.m in Sources */ = {isa = PBXBuildFile; fileRef = 968409581AA3ED4600720356 /* Recorder.m */; settings = {COMPILER_FLAGS = "-fno-objc-arc"; }; };
		9684095B1AA3ED7900720356 /* AVFoundation.framework in Frameworks */ = {isa = PBXBuildFile; fileRef = 9684095A1AA3ED7900720356 /* AVFoundation.framework */; };
		9684095E1AA3FE2100720356 /* AudioPlayer.m in Sources */ = {isa = PBXBuildFile; fileRef = 9684095D1AA3FE2100720356 /* AudioPlayer.m */; settings = {COMPILER_FLAGS = "-fno-objc-arc"; }; };
/* End PBXBuildFile section */

/* Begin PBXContainerItemProxy section */
		968409481AA3EC9C00720356 /* PBXContainerItemProxy */ = {
			isa = PBXContainerItemProxy;
			containerPortal = 968409261AA3EC9C00720356 /* Project object */;
			proxyType = 1;
			remoteGlobalIDString = 9684092D1AA3EC9C00720356;
			remoteInfo = Recorder;
		};
/* End PBXContainerItemProxy section */

/* Begin PBXFileReference section */
		9684092E1AA3EC9C00720356 /* Recorder.app */ = {isa = PBXFileReference; explicitFileType = wrapper.application; includeInIndex = 0; path = Recorder.app; sourceTree = BUILT_PRODUCTS_DIR; };
		968409321AA3EC9C00720356 /* Info.plist */ = {isa = PBXFileReference; lastKnownFileType = text.plist.xml; path = Info.plist; sourceTree = "<group>"; };
		968409331AA3EC9C00720356 /* main.m */ = {isa = PBXFileReference; lastKnownFileType = sourcecode.c.objc; path = main.m; sourceTree = "<group>"; };
		968409351AA3EC9C00720356 /* AppDelegate.h */ = {isa = PBXFileReference; lastKnownFileType = sourcecode.c.h; path = AppDelegate.h; sourceTree = "<group>"; };
		968409361AA3EC9C00720356 /* AppDelegate.m */ = {isa = PBXFileReference; lastKnownFileType = sourcecode.c.objc; path = AppDelegate.m; sourceTree = "<group>"; };
		968409381AA3EC9C00720356 /* ViewController.h */ = {isa = PBXFileReference; lastKnownFileType = sourcecode.c.h; path = ViewController.h; sourceTree = "<group>"; };
		968409391AA3EC9C00720356 /* ViewController.m */ = {isa = PBXFileReference; lastKnownFileType = sourcecode.c.objc; path = ViewController.m; sourceTree = "<group>"; };
		9684093C1AA3EC9C00720356 /* Base */ = {isa = PBXFileReference; lastKnownFileType = file.storyboard; name = Base; path = Base.lproj/Main.storyboard; sourceTree = "<group>"; };
		9684093E1AA3EC9C00720356 /* Images.xcassets */ = {isa = PBXFileReference; lastKnownFileType = folder.assetcatalog; path = Images.xcassets; sourceTree = "<group>"; };
		968409411AA3EC9C00720356 /* Base */ = {isa = PBXFileReference; lastKnownFileType = file.xib; name = Base; path = Base.lproj/LaunchScreen.xib; sourceTree = "<group>"; };
		968409471AA3EC9C00720356 /* RecorderTests.xctest */ = {isa = PBXFileReference; explicitFileType = wrapper.cfbundle; includeInIndex = 0; path = RecorderTests.xctest; sourceTree = BUILT_PRODUCTS_DIR; };
		9684094C1AA3EC9C00720356 /* Info.plist */ = {isa = PBXFileReference; lastKnownFileType = text.plist.xml; path = Info.plist; sourceTree = "<group>"; };
		9684094D1AA3EC9C00720356 /* RecorderTests.m */ = {isa = PBXFileReference; lastKnownFileType = sourcecode.c.objc; path = RecorderTests.m; sourceTree = "<group>"; };
		968409571AA3ED4600720356 /* Recorder.h */ = {isa = PBXFileReference; fileEncoding = 4; lastKnownFileType = sourcecode.c.h; path = Recorder.h; sourceTree = "<group>"; };
		968409581AA3ED4600720356 /* Recorder.m */ = {isa = PBXFileReference; fileEncoding = 4; lastKnownFileType = sourcecode.c.objc; path = Recorder.m; sourceTree = "<group>"; };
		9684095A1AA3ED7900720356 /* AVFoundation.framework */ = {isa = PBXFileReference; lastKnownFileType = wrapper.framework; name = AVFoundation.framework; path = System/Library/Frameworks/AVFoundation.framework; sourceTree = SDKROOT; };
		9684095C1AA3FE2100720356 /* AudioPlayer.h */ = {isa = PBXFileReference; fileEncoding = 4; lastKnownFileType = sourcecode.c.h; path = AudioPlayer.h; sourceTree = "<group>"; };
		9684095D1AA3FE2100720356 /* AudioPlayer.m */ = {isa = PBXFileReference; fileEncoding = 4; lastKnownFileType = sourcecode.c.objc; path = AudioPlayer.m; sourceTree = "<group>"; };
/* End PBXFileReference section */

/* Begin PBXFrameworksBuildPhase section */
		9684092B1AA3EC9C00720356 /* Frameworks */ = {
			isa = PBXFrameworksBuildPhase;
			buildActionMask = 2147483647;
			files = (
				9684095B1AA3ED7900720356 /* AVFoundation.framework in Frameworks */,
			);
			runOnlyForDeploymentPostprocessing = 0;
		};
		968409441AA3EC9C00720356 /* Frameworks */ = {
			isa = PBXFrameworksBuildPhase;
			buildActionMask = 2147483647;
			files = (
			);
			runOnlyForDeploymentPostprocessing = 0;
		};
/* End PBXFrameworksBuildPhase section */

/* Begin PBXGroup section */
		968409251AA3EC9C00720356 = {
			isa = PBXGroup;
			children = (
				9684095A1AA3ED7900720356 /* AVFoundation.framework */,
				968409301AA3EC9C00720356 /* Recorder */,
				9684094A1AA3EC9C00720356 /* RecorderTests */,
				9684092F1AA3EC9C00720356 /* Products */,
			);
			sourceTree = "<group>";
		};
		9684092F1AA3EC9C00720356 /* Products */ = {
			isa = PBXGroup;
			children = (
				9684092E1AA3EC9C00720356 /* Recorder.app */,
				968409471AA3EC9C00720356 /* RecorderTests.xctest */,
			);
			name = Products;
			sourceTree = "<group>";
		};
		968409301AA3EC9C00720356 /* Recorder */ = {
			isa = PBXGroup;
			children = (
				968409351AA3EC9C00720356 /* AppDelegate.h */,
				968409361AA3EC9C00720356 /* AppDelegate.m */,
				968409381AA3EC9C00720356 /* ViewController.h */,
				968409391AA3EC9C00720356 /* ViewController.m */,
				9684093B1AA3EC9C00720356 /* Main.storyboard */,
				9684093E1AA3EC9C00720356 /* Images.xcassets */,
				968409401AA3EC9C00720356 /* LaunchScreen.xib */,
				968409311AA3EC9C00720356 /* Supporting Files */,
				968409571AA3ED4600720356 /* Recorder.h */,
				968409581AA3ED4600720356 /* Recorder.m */,
				9684095C1AA3FE2100720356 /* AudioPlayer.h */,
				9684095D1AA3FE2100720356 /* AudioPlayer.m */,
			);
			path = Recorder;
			sourceTree = "<group>";
		};
		968409311AA3EC9C00720356 /* Supporting Files */ = {
			isa = PBXGroup;
			children = (
				968409321AA3EC9C00720356 /* Info.plist */,
				968409331AA3EC9C00720356 /* main.m */,
			);
			name = "Supporting Files";
			sourceTree = "<group>";
		};
		9684094A1AA3EC9C00720356 /* RecorderTests */ = {
			isa = PBXGroup;
			children = (
				9684094D1AA3EC9C00720356 /* RecorderTests.m */,
				9684094B1AA3EC9C00720356 /* Supporting Files */,
			);
			path = RecorderTests;
			sourceTree = "<group>";
		};
		9684094B1AA3EC9C00720356 /* Supporting Files */ = {
			isa = PBXGroup;
			children = (
				9684094C1AA3EC9C00720356 /* Info.plist */,
			);
			name = "Supporting Files";
			sourceTree = "<group>";
		};
/* End PBXGroup section */

/* Begin PBXNativeTarget section */
		9684092D1AA3EC9C00720356 /* Recorder */ = {
			isa = PBXNativeTarget;
			buildConfigurationList = 968409511AA3EC9C00720356 /* Build configuration list for PBXNativeTarget "Recorder" */;
			buildPhases = (
				9684092A1AA3EC9C00720356 /* Sources */,
				9684092B1AA3EC9C00720356 /* Frameworks */,
				9684092C1AA3EC9C00720356 /* Resources */,
			);
			buildRules = (
			);
			dependencies = (
			);
			name = Recorder;
			productName = Recorder;
			productReference = 9684092E1AA3EC9C00720356 /* Recorder.app */;
			productType = "com.apple.product-type.application";
		};
		968409461AA3EC9C00720356 /* RecorderTests */ = {
			isa = PBXNativeTarget;
			buildConfigurationList = 968409541AA3EC9C00720356 /* Build configuration list for PBXNativeTarget "RecorderTests" */;
			buildPhases = (
				968409431AA3EC9C00720356 /* Sources */,
				968409441AA3EC9C00720356 /* Frameworks */,
				968409451AA3EC9C00720356 /* Resources */,
			);
			buildRules = (
			);
			dependencies = (
				968409491AA3EC9C00720356 /* PBXTargetDependency */,
			);
			name = RecorderTests;
			productName = RecorderTests;
			productReference = 968409471AA3EC9C00720356 /* RecorderTests.xctest */;
			productType = "com.apple.product-type.bundle.unit-test";
		};
/* End PBXNativeTarget section */

/* Begin PBXProject section */
		968409261AA3EC9C00720356 /* Project object */ = {
			isa = PBXProject;
			attributes = {
				LastUpgradeCheck = 0610;
				ORGANIZATIONNAME = xiaoming;
				TargetAttributes = {
					9684092D1AA3EC9C00720356 = {
						CreatedOnToolsVersion = 6.1;
					};
					968409461AA3EC9C00720356 = {
						CreatedOnToolsVersion = 6.1;
						TestTargetID = 9684092D1AA3EC9C00720356;
					};
				};
			};
			buildConfigurationList = 968409291AA3EC9C00720356 /* Build configuration list for PBXProject "Recorder" */;
			compatibilityVersion = "Xcode 3.2";
			developmentRegion = English;
			hasScannedForEncodings = 0;
			knownRegions = (
				en,
				Base,
			);
			mainGroup = 968409251AA3EC9C00720356;
			productRefGroup = 9684092F1AA3EC9C00720356 /* Products */;
			projectDirPath = "";
			projectRoot = "";
			targets = (
				9684092D1AA3EC9C00720356 /* Recorder */,
				968409461AA3EC9C00720356 /* RecorderTests */,
			);
		};
/* End PBXProject section */

/* Begin PBXResourcesBuildPhase section */
		9684092C1AA3EC9C00720356 /* Resources */ = {
			isa = PBXResourcesBuildPhase;
			buildActionMask = 2147483647;
			files = (
				9684093D1AA3EC9C00720356 /* Main.storyboard in Resources */,
				968409421AA3EC9C00720356 /* LaunchScreen.xib in Resources */,
				9684093F1AA3EC9C00720356 /* Images.xcassets in Resources */,
			);
			runOnlyForDeploymentPostprocessing = 0;
		};
		968409451AA3EC9C00720356 /* Resources */ = {
			isa = PBXResourcesBuildPhase;
			buildActionMask = 2147483647;
			files = (
			);
			runOnlyForDeploymentPostprocessing = 0;
		};
/* End PBXResourcesBuildPhase section */

/* Begin PBXSourcesBuildPhase section */
		9684092A1AA3EC9C00720356 /* Sources */ = {
			isa = PBXSourcesBuildPhase;
			buildActionMask = 2147483647;
			files = (
				9684093A1AA3EC9C00720356 /* ViewController.m in Sources */,
				968409371AA3EC9C00720356 /* AppDelegate.m in Sources */,
				9684095E1AA3FE2100720356 /* AudioPlayer.m in Sources */,
				968409341AA3EC9C00720356 /* main.m in Sources */,
				968409591AA3ED4600720356 /* Recorder.m in Sources */,
			);
			runOnlyForDeploymentPostprocessing = 0;
		};
		968409431AA3EC9C00720356 /* Sources */ = {
			isa = PBXSourcesBuildPhase;
			buildActionMask = 2147483647;
			files = (
				9684094E1AA3EC9C00720356 /* RecorderTests.m in Sources */,
			);
			runOnlyForDeploymentPostprocessing = 0;
		};
/* End PBXSourcesBuildPhase section */

/* Begin PBXTargetDependency section */
		968409491AA3EC9C00720356 /* PBXTargetDependency */ = {
			isa = PBXTargetDependency;
			target = 9684092D1AA3EC9C00720356 /* Recorder */;
			targetProxy = 968409481AA3EC9C00720356 /* PBXContainerItemProxy */;
		};
/* End PBXTargetDependency section */

/* Begin PBXVariantGroup section */
		9684093B1AA3EC9C00720356 /* Main.storyboard */ = {
			isa = PBXVariantGroup;
			children = (
				9684093C1AA3EC9C00720356 /* Base */,
			);
			name = Main.storyboard;
			sourceTree = "<group>";
		};
		968409401AA3EC9C00720356 /* LaunchScreen.xib */ = {
			isa = PBXVariantGroup;
			children = (
				968409411AA3EC9C00720356 /* Base */,
			);
			name = LaunchScreen.xib;
			sourceTree = "<group>";
		};
/* End PBXVariantGroup section */

/* Begin XCBuildConfiguration section */
		9684094F1AA3EC9C00720356 /* Debug */ = {
			isa = XCBuildConfiguration;
			buildSettings = {
				ALWAYS_SEARCH_USER_PATHS = NO;
				CLANG_CXX_LANGUAGE_STANDARD = "gnu++0x";
				CLANG_CXX_LIBRARY = "libc++";
				CLANG_ENABLE_MODULES = YES;
				CLANG_ENABLE_OBJC_ARC = YES;
				CLANG_WARN_BOOL_CONVERSION = YES;
				CLANG_WARN_CONSTANT_CONVERSION = YES;
				CLANG_WARN_DIRECT_OBJC_ISA_USAGE = YES_ERROR;
				CLANG_WARN_EMPTY_BODY = YES;
				CLANG_WARN_ENUM_CONVERSION = YES;
				CLANG_WARN_INT_CONVERSION = YES;
				CLANG_WARN_OBJC_ROOT_CLASS = YES_ERROR;
				CLANG_WARN_UNREACHABLE_CODE = YES;
				CLANG_WARN__DUPLICATE_METHOD_MATCH = YES;
				"CODE_SIGN_IDENTITY[sdk=iphoneos*]" = "iPhone Developer";
				COPY_PHASE_STRIP = NO;
				ENABLE_STRICT_OBJC_MSGSEND = YES;
				GCC_C_LANGUAGE_STANDARD = gnu99;
				GCC_DYNAMIC_NO_PIC = NO;
				GCC_OPTIMIZATION_LEVEL = 0;
				GCC_PREPROCESSOR_DEFINITIONS = (
					"DEBUG=1",
					"$(inherited)",
				);
				GCC_SYMBOLS_PRIVATE_EXTERN = NO;
				GCC_WARN_64_TO_32_BIT_CONVERSION = YES;
				GCC_WARN_ABOUT_RETURN_TYPE = YES_ERROR;
				GCC_WARN_UNDECLARED_SELECTOR = YES;
				GCC_WARN_UNINITIALIZED_AUTOS = YES_AGGRESSIVE;
				GCC_WARN_UNUSED_FUNCTION = YES;
				GCC_WARN_UNUSED_VARIABLE = YES;
				IPHONEOS_DEPLOYMENT_TARGET = 8.1;
				MTL_ENABLE_DEBUG_INFO = YES;
				ONLY_ACTIVE_ARCH = YES;
				SDKROOT = iphoneos;
			};
			name = Debug;
		};
		968409501AA3EC9C00720356 /* Release */ = {
			isa = XCBuildConfiguration;
			buildSettings = {
				ALWAYS_SEARCH_USER_PATHS = NO;
				CLANG_CXX_LANGUAGE_STANDARD = "gnu++0x";
				CLANG_CXX_LIBRARY = "libc++";
				CLANG_ENABLE_MODULES = YES;
				CLANG_ENABLE_OBJC_ARC = YES;
				CLANG_WARN_BOOL_CONVERSION = YES;
				CLANG_WARN_CONSTANT_CONVERSION = YES;
				CLANG_WARN_DIRECT_OBJC_ISA_USAGE = YES_ERROR;
				CLANG_WARN_EMPTY_BODY = YES;
				CLANG_WARN_ENUM_CONVERSION = YES;
				CLANG_WARN_INT_CONVERSION = YES;
				CLANG_WARN_OBJC_ROOT_CLASS = YES_ERROR;
				CLANG_WARN_UNREACHABLE_CODE = YES;
				CLANG_WARN__DUPLICATE_METHOD_MATCH = YES;
				"CODE_SIGN_IDENTITY[sdk=iphoneos*]" = "iPhone Developer";
				COPY_PHASE_STRIP = YES;
				ENABLE_NS_ASSERTIONS = NO;
				ENABLE_STRICT_OBJC_MSGSEND = YES;
				GCC_C_LANGUAGE_STANDARD = gnu99;
				GCC_WARN_64_TO_32_BIT_CONVERSION = YES;
				GCC_WARN_ABOUT_RETURN_TYPE = YES_ERROR;
				GCC_WARN_UNDECLARED_SELECTOR = YES;
				GCC_WARN_UNINITIALIZED_AUTOS = YES_AGGRESSIVE;
				GCC_WARN_UNUSED_FUNCTION = YES;
				GCC_WARN_UNUSED_VARIABLE = YES;
				IPHONEOS_DEPLOYMENT_TARGET = 8.1;
				MTL_ENABLE_DEBUG_INFO = NO;
				SDKROOT = iphoneos;
				VALIDATE_PRODUCT = YES;
			};
			name = Release;
		};
		968409521AA3EC9C00720356 /* Debug */ = {
			isa = XCBuildConfiguration;
			buildSettings = {
				ASSETCATALOG_COMPILER_APPICON_NAME = AppIcon;
				INFOPLIST_FILE = Recorder/Info.plist;
				IPHONEOS_DEPLOYMENT_TARGET = 6.0;
				LD_RUNPATH_SEARCH_PATHS = "$(inherited) @executable_path/Frameworks";
				PRODUCT_NAME = "$(TARGET_NAME)";
			};
			name = Debug;
		};
		968409531AA3EC9C00720356 /* Release */ = {
			isa = XCBuildConfiguration;
			buildSettings = {
				ASSETCATALOG_COMPILER_APPICON_NAME = AppIcon;
				INFOPLIST_FILE = Recorder/Info.plist;
				IPHONEOS_DEPLOYMENT_TARGET = 6.0;
				LD_RUNPATH_SEARCH_PATHS = "$(inherited) @executable_path/Frameworks";
				PRODUCT_NAME = "$(TARGET_NAME)";
			};
			name = Release;
		};
		968409551AA3EC9C00720356 /* Debug */ = {
			isa = XCBuildConfiguration;
			buildSettings = {
				BUNDLE_LOADER = "$(TEST_HOST)";
				FRAMEWORK_SEARCH_PATHS = (
					"$(SDKROOT)/Developer/Library/Frameworks",
					"$(inherited)",
				);
				GCC_PREPROCESSOR_DEFINITIONS = (
					"DEBUG=1",
					"$(inherited)",
				);
				INFOPLIST_FILE = RecorderTests/Info.plist;
				LD_RUNPATH_SEARCH_PATHS = "$(inherited) @executable_path/Frameworks @loader_path/Frameworks";
				PRODUCT_NAME = "$(TARGET_NAME)";
				TEST_HOST = "$(BUILT_PRODUCTS_DIR)/Recorder.app/Recorder";
			};
			name = Debug;
		};
		968409561AA3EC9C00720356 /* Release */ = {
			isa = XCBuildConfiguration;
			buildSettings = {
				BUNDLE_LOADER = "$(TEST_HOST)";
				FRAMEWORK_SEARCH_PATHS = (
					"$(SDKROOT)/Developer/Library/Frameworks",
					"$(inherited)",
				);
				INFOPLIST_FILE = RecorderTests/Info.plist;
				LD_RUNPATH_SEARCH_PATHS = "$(inherited) @executable_path/Frameworks @loader_path/Frameworks";
				PRODUCT_NAME = "$(TARGET_NAME)";
				TEST_HOST = "$(BUILT_PRODUCTS_DIR)/Recorder.app/Recorder";
			};
			name = Release;
		};
/* End XCBuildConfiguration section */

/* Begin XCConfigurationList section */
		968409291AA3EC9C00720356 /* Build configuration list for PBXProject "Recorder" */ = {
			isa = XCConfigurationList;
			buildConfigurations = (
				9684094F1AA3EC9C00720356 /* Debug */,
				968409501AA3EC9C00720356 /* Release */,
			);
			defaultConfigurationIsVisible = 0;
			defaultConfigurationName = Release;
		};
		968409511AA3EC9C00720356 /* Build configuration list for PBXNativeTarget "Recorder" */ = {
			isa = XCConfigurationList;
			buildConfigurations = (
				968409521AA3EC9C00720356 /* Debug */,
				968409531AA3EC9C00720356 /* Release */,
			);
			defaultConfigurationIsVisible = 0;
		};
		968409541AA3EC9C00720356 /* Build configuration list for PBXNativeTarget "RecorderTests" */ = {
			isa = XCConfigurationList;
			buildConfigurations = (
				968409551AA3EC9C00720356 /* Debug */,
				968409561AA3EC9C00720356 /* Release */,
			);
			defaultConfigurationIsVisible = 0;
		};
/* End XCConfigurationList section */
	};
	rootObject = 968409261AA3EC9C00720356 /* Project object */;
}
